// !$*UTF8*$!
{
	archiveVersion = 1;
	classes = {
	};
	objectVersion = 77;
	objects = {

/* Begin PBXContainerItemProxy section */
		2E3E52132D5E7C9400C6257B /* PBXContainerItemProxy */ = {
			isa = PBXContainerItemProxy;
			containerPortal = 2E3E51F42D5E7C9200C6257B /* Project object */;
			proxyType = 1;
			remoteGlobalIDString = 2E3E51FB2D5E7C9200C6257B;
			remoteInfo = dzka1;
		};
		2E3E521D2D5E7C9400C6257B /* PBXContainerItemProxy */ = {
			isa = PBXContainerItemProxy;
			containerPortal = 2E3E51F42D5E7C9200C6257B /* Project object */;
			proxyType = 1;
			remoteGlobalIDString = 2E3E51FB2D5E7C9200C6257B;
			remoteInfo = dzka1;
		};
/* End PBXContainerItemProxy section */

/* Begin PBXFileReference section */
		2E3E51FC2D5E7C9200C6257B /* dzka1.app */ = {isa = PBXFileReference; explicitFileType = wrapper.application; includeInIndex = 0; path = dzka1.app; sourceTree = BUILT_PRODUCTS_DIR; };
		2E3E52122D5E7C9400C6257B /* dzka1Tests.xctest */ = {isa = PBXFileReference; explicitFileType = wrapper.cfbundle; includeInIndex = 0; path = dzka1Tests.xctest; sourceTree = BUILT_PRODUCTS_DIR; };
		2E3E521C2D5E7C9400C6257B /* dzka1UITests.xctest */ = {isa = PBXFileReference; explicitFileType = wrapper.cfbundle; includeInIndex = 0; path = dzka1UITests.xctest; sourceTree = BUILT_PRODUCTS_DIR; };
/* End PBXFileReference section */

/* Begin PBXFileSystemSynchronizedBuildFileExceptionSet section */
		2E3E52242D5E7C9400C6257B /* Exceptions for "dzka1" folder in "dzka1" target */ = {
			isa = PBXFileSystemSynchronizedBuildFileExceptionSet;
			membershipExceptions = (
				Info.plist,
			);
			target = 2E3E51FB2D5E7C9200C6257B /* dzka1 */;
		};
/* End PBXFileSystemSynchronizedBuildFileExceptionSet section */

/* Begin PBXFileSystemSynchronizedRootGroup section */
		2E3E51FE2D5E7C9200C6257B /* dzka1 */ = {
			isa = PBXFileSystemSynchronizedRootGroup;
			exceptions = (
				2E3E52242D5E7C9400C6257B /* Exceptions for "dzka1" folder in "dzka1" target */,
			);
			path = dzka1;
			sourceTree = "<group>";
		};
		2E3E52152D5E7C9400C6257B /* dzka1Tests */ = {
			isa = PBXFileSystemSynchronizedRootGroup;
			path = dzka1Tests;
			sourceTree = "<group>";
		};
		2E3E521F2D5E7C9400C6257B /* dzka1UITests */ = {
			isa = PBXFileSystemSynchronizedRootGroup;
			path = dzka1UITests;
			sourceTree = "<group>";
		};
/* End PBXFileSystemSynchronizedRootGroup section */

/* Begin PBXFrameworksBuildPhase section */
		2E3E51F92D5E7C9200C6257B /* Frameworks */ = {
			isa = PBXFrameworksBuildPhase;
			buildActionMask = 2147483647;
			files = (
			);
			runOnlyForDeploymentPostprocessing = 0;
		};
		2E3E520F2D5E7C9400C6257B /* Frameworks */ = {
			isa = PBXFrameworksBuildPhase;
			buildActionMask = 2147483647;
			files = (
			);
			runOnlyForDeploymentPostprocessing = 0;
		};
		2E3E52192D5E7C9400C6257B /* Frameworks */ = {
			isa = PBXFrameworksBuildPhase;
			buildActionMask = 2147483647;
			files = (
			);
			runOnlyForDeploymentPostprocessing = 0;
		};
/* End PBXFrameworksBuildPhase section */

/* Begin PBXGroup section */
		2E3E51F32D5E7C9200C6257B = {
			isa = PBXGroup;
			children = (
				2E3E51FE2D5E7C9200C6257B /* dzka1 */,
				2E3E52152D5E7C9400C6257B /* dzka1Tests */,
				2E3E521F2D5E7C9400C6257B /* dzka1UITests */,
				2E3E51FD2D5E7C9200C6257B /* Products */,
			);
			sourceTree = "<group>";
		};
		2E3E51FD2D5E7C9200C6257B /* Products */ = {
			isa = PBXGroup;
			children = (
				2E3E51FC2D5E7C9200C6257B /* dzka1.app */,
				2E3E52122D5E7C9400C6257B /* dzka1Tests.xctest */,
				2E3E521C2D5E7C9400C6257B /* dzka1UITests.xctest */,
			);
			name = Products;
			sourceTree = "<group>";
		};
/* End PBXGroup section */

/* Begin PBXNativeTarget section */
		2E3E51FB2D5E7C9200C6257B /* dzka1 */ = {
			isa = PBXNativeTarget;
			buildConfigurationList = 2E3E52252D5E7C9400C6257B /* Build configuration list for PBXNativeTarget "dzka1" */;
			buildPhases = (
				2E3E51F82D5E7C9200C6257B /* Sources */,
				2E3E51F92D5E7C9200C6257B /* Frameworks */,
				2E3E51FA2D5E7C9200C6257B /* Resources */,
			);
			buildRules = (
			);
			dependencies = (
			);
			fileSystemSynchronizedGroups = (
				2E3E51FE2D5E7C9200C6257B /* dzka1 */,
			);
			name = dzka1;
			packageProductDependencies = (
			);
			productName = dzka1;
			productReference = 2E3E51FC2D5E7C9200C6257B /* dzka1.app */;
			productType = "com.apple.product-type.application";
		};
		2E3E52112D5E7C9400C6257B /* dzka1Tests */ = {
			isa = PBXNativeTarget;
			buildConfigurationList = 2E3E522A2D5E7C9400C6257B /* Build configuration list for PBXNativeTarget "dzka1Tests" */;
			buildPhases = (
				2E3E520E2D5E7C9400C6257B /* Sources */,
				2E3E520F2D5E7C9400C6257B /* Frameworks */,
				2E3E52102D5E7C9400C6257B /* Resources */,
			);
			buildRules = (
			);
			dependencies = (
				2E3E52142D5E7C9400C6257B /* PBXTargetDependency */,
			);
			fileSystemSynchronizedGroups = (
				2E3E52152D5E7C9400C6257B /* dzka1Tests */,
			);
			name = dzka1Tests;
			packageProductDependencies = (
			);
			productName = dzka1Tests;
			productReference = 2E3E52122D5E7C9400C6257B /* dzka1Tests.xctest */;
			productType = "com.apple.product-type.bundle.unit-test";
		};
		2E3E521B2D5E7C9400C6257B /* dzka1UITests */ = {
			isa = PBXNativeTarget;
			buildConfigurationList = 2E3E522D2D5E7C9400C6257B /* Build configuration list for PBXNativeTarget "dzka1UITests" */;
			buildPhases = (
				2E3E52182D5E7C9400C6257B /* Sources */,
				2E3E52192D5E7C9400C6257B /* Frameworks */,
				2E3E521A2D5E7C9400C6257B /* Resources */,
			);
			buildRules = (
			);
			dependencies = (
				2E3E521E2D5E7C9400C6257B /* PBXTargetDependency */,
			);
			fileSystemSynchronizedGroups = (
				2E3E521F2D5E7C9400C6257B /* dzka1UITests */,
			);
			name = dzka1UITests;
			packageProductDependencies = (
			);
			productName = dzka1UITests;
			productReference = 2E3E521C2D5E7C9400C6257B /* dzka1UITests.xctest */;
			productType = "com.apple.product-type.bundle.ui-testing";
		};
/* End PBXNativeTarget section */

/* Begin PBXProject section */
		2E3E51F42D5E7C9200C6257B /* Project object */ = {
			isa = PBXProject;
			attributes = {
				BuildIndependentTargetsInParallel = 1;
				LastSwiftUpdateCheck = 1610;
				LastUpgradeCheck = 1610;
				TargetAttributes = {
					2E3E51FB2D5E7C9200C6257B = {
						CreatedOnToolsVersion = 16.1;
					};
					2E3E52112D5E7C9400C6257B = {
						CreatedOnToolsVersion = 16.1;
						TestTargetID = 2E3E51FB2D5E7C9200C6257B;
					};
					2E3E521B2D5E7C9400C6257B = {
						CreatedOnToolsVersion = 16.1;
						TestTargetID = 2E3E51FB2D5E7C9200C6257B;
					};
				};
			};
			buildConfigurationList = 2E3E51F72D5E7C9200C6257B /* Build configuration list for PBXProject "dzka1" */;
			developmentRegion = en;
			hasScannedForEncodings = 0;
			knownRegions = (
				en,
				Base,
			);
			mainGroup = 2E3E51F32D5E7C9200C6257B;
			minimizedProjectReferenceProxies = 1;
			preferredProjectObjectVersion = 77;
			productRefGroup = 2E3E51FD2D5E7C9200C6257B /* Products */;
			projectDirPath = "";
			projectRoot = "";
			targets = (
				2E3E51FB2D5E7C9200C6257B /* dzka1 */,
				2E3E52112D5E7C9400C6257B /* dzka1Tests */,
				2E3E521B2D5E7C9400C6257B /* dzka1UITests */,
			);
		};
/* End PBXProject section */

/* Begin PBXResourcesBuildPhase section */
		2E3E51FA2D5E7C9200C6257B /* Resources */ = {
			isa = PBXResourcesBuildPhase;
			buildActionMask = 2147483647;
			files = (
			);
			runOnlyForDeploymentPostprocessing = 0;
		};
		2E3E52102D5E7C9400C6257B /* Resources */ = {
			isa = PBXResourcesBuildPhase;
			buildActionMask = 2147483647;
			files = (
			);
			runOnlyForDeploymentPostprocessing = 0;
		};
		2E3E521A2D5E7C9400C6257B /* Resources */ = {
			isa = PBXResourcesBuildPhase;
			buildActionMask = 2147483647;
			files = (
			);
			runOnlyForDeploymentPostprocessing = 0;
		};
/* End PBXResourcesBuildPhase section */

/* Begin PBXSourcesBuildPhase section */
		2E3E51F82D5E7C9200C6257B /* Sources */ = {
			isa = PBXSourcesBuildPhase;
			buildActionMask = 2147483647;
			files = (
			);
			runOnlyForDeploymentPostprocessing = 0;
		};
		2E3E520E2D5E7C9400C6257B /* Sources */ = {
			isa = PBXSourcesBuildPhase;
			buildActionMask = 2147483647;
			files = (
			);
			runOnlyForDeploymentPostprocessing = 0;
		};
		2E3E52182D5E7C9400C6257B /* Sources */ = {
			isa = PBXSourcesBuildPhase;
			buildActionMask = 2147483647;
			files = (
			);
			runOnlyForDeploymentPostprocessing = 0;
		};
/* End PBXSourcesBuildPhase section */

/* Begin PBXTargetDependency section */
		2E3E52142D5E7C9400C6257B /* PBXTargetDependency */ = {
			isa = PBXTargetDependency;
			target = 2E3E51FB2D5E7C9200C6257B /* dzka1 */;
			targetProxy = 2E3E52132D5E7C9400C6257B /* PBXContainerItemProxy */;
		};
		2E3E521E2D5E7C9400C6257B /* PBXTargetDependency */ = {
			isa = PBXTargetDependency;
			target = 2E3E51FB2D5E7C9200C6257B /* dzka1 */;
			targetProxy = 2E3E521D2D5E7C9400C6257B /* PBXContainerItemProxy */;
		};
/* End PBXTargetDependency section */

/* Begin XCBuildConfiguration section */
		2E3E52262D5E7C9400C6257B /* Debug */ = {
			isa = XCBuildConfiguration;
			buildSettings = {
				ASSETCATALOG_COMPILER_APPICON_NAME = AppIcon;
				ASSETCATALOG_COMPILER_GLOBAL_ACCENT_COLOR_NAME = AccentColor;
				CODE_SIGN_STYLE = Automatic;
				CURRENT_PROJECT_VERSION = 1;
				DEVELOPMENT_TEAM = 3CYTU6S6DF;
				GENERATE_INFOPLIST_FILE = YES;
				INFOPLIST_FILE = dzka1/Info.plist;
				INFOPLIST_KEY_UIApplicationSupportsIndirectInputEvents = YES;
				INFOPLIST_KEY_UILaunchStoryboardName = LaunchScreen;
				INFOPLIST_KEY_UIMainStoryboardFile = Main;
				INFOPLIST_KEY_UISupportedInterfaceOrientations_iPad = "UIInterfaceOrientationPortrait UIInterfaceOrientationPortraitUpsideDown UIInterfaceOrientationLandscapeLeft UIInterfaceOrientationLandscapeRight";
				INFOPLIST_KEY_UISupportedInterfaceOrientations_iPhone = "UIInterfaceOrientationPortrait UIInterfaceOrientationLandscapeLeft UIInterfaceOrientationLandscapeRight";
				LD_RUNPATH_SEARCH_PATHS = (
					"$(inherited)",
					"@executable_path/Frameworks",
				);
				MARKETING_VERSION = 1.0;
				PRODUCT_BUNDLE_IDENTIFIER = damir.dzka1;
				PRODUCT_NAME = "$(TARGET_NAME)";
				SWIFT_EMIT_LOC_STRINGS = YES;
				SWIFT_VERSION = 5.0;
				TARGETED_DEVICE_FAMILY = "1,2";
			};
			name = Debug;
		};
		2E3E52272D5E7C9400C6257B /* Release */ = {
			isa = XCBuildConfiguration;
			buildSettings = {
				ASSETCATALOG_COMPILER_APPICON_NAME = AppIcon;
				ASSETCATALOG_COMPILER_GLOBAL_ACCENT_COLOR_NAME = AccentColor;
				CODE_SIGN_STYLE = Automatic;
				CURRENT_PROJECT_VERSION = 1;
				DEVELOPMENT_TEAM = 3CYTU6S6DF;
				GENERATE_INFOPLIST_FILE = YES;
				INFOPLIST_FILE = dzka1/Info.plist;
				INFOPLIST_KEY_UIApplicationSupportsIndirectInputEvents = YES;
				INFOPLIST_KEY_UILaunchStoryboardName = LaunchScreen;
				INFOPLIST_KEY_UIMainStoryboardFile = Main;
				INFOPLIST_KEY_UISupportedInterfaceOrientations_iPad = "UIInterfaceOrientationPortrait UIInterfaceOrientationPortraitUpsideDown UIInterfaceOrientationLandscapeLeft UIInterfaceOrientationLandscapeRight";
				INFOPLIST_KEY_UISupportedInterfaceOrientations_iPhone = "UIInterfaceOrientationPortrait UIInterfaceOrientationLandscapeLeft UIInterfaceOrientationLandscapeRight";
				LD_RUNPATH_SEARCH_PATHS = (
					"$(inherited)",
					"@executable_path/Frameworks",
				);
				MARKETING_VERSION = 1.0;
				PRODUCT_BUNDLE_IDENTIFIER = damir.dzka1;
				PRODUCT_NAME = "$(TARGET_NAME)";
				SWIFT_EMIT_LOC_STRINGS = YES;
				SWIFT_VERSION = 5.0;
				TARGETED_DEVICE_FAMILY = "1,2";
			};
			name = Release;
		};
		2E3E52282D5E7C9400C6257B /* Debug */ = {
			isa = XCBuildConfiguration;
			buildSettings = {
				ALWAYS_SEARCH_USER_PATHS = NO;
				ASSETCATALOG_COMPILER_GENERATE_SWIFT_ASSET_SYMBOL_EXTENSIONS = YES;
				CLANG_ANALYZER_NONNULL = YES;
				CLANG_ANALYZER_NUMBER_OBJECT_CONVERSION = YES_AGGRESSIVE;
				CLANG_CXX_LANGUAGE_STANDARD = "gnu++20";
				CLANG_ENABLE_MODULES = YES;
				CLANG_ENABLE_OBJC_ARC = YES;
				CLANG_ENABLE_OBJC_WEAK = YES;
				CLANG_WARN_BLOCK_CAPTURE_AUTORELEASING = YES;
				CLANG_WARN_BOOL_CONVERSION = YES;
				CLANG_WARN_COMMA = YES;
				CLANG_WARN_CONSTANT_CONVERSION = YES;
				CLANG_WARN_DEPRECATED_OBJC_IMPLEMENTATIONS = YES;
				CLANG_WARN_DIRECT_OBJC_ISA_USAGE = YES_ERROR;
				CLANG_WARN_DOCUMENTATION_COMMENTS = YES;
				CLANG_WARN_EMPTY_BODY = YES;
				CLANG_WARN_ENUM_CONVERSION = YES;
				CLANG_WARN_INFINITE_RECURSION = YES;
				CLANG_WARN_INT_CONVERSION = YES;
				CLANG_WARN_NON_LITERAL_NULL_CONVERSION = YES;
				CLANG_WARN_OBJC_IMPLICIT_RETAIN_SELF = YES;
				CLANG_WARN_OBJC_LITERAL_CONVERSION = YES;
				CLANG_WARN_OBJC_ROOT_CLASS = YES_ERROR;
				CLANG_WARN_QUOTED_INCLUDE_IN_FRAMEWORK_HEADER = YES;
				CLANG_WARN_RANGE_LOOP_ANALYSIS = YES;
				CLANG_WARN_STRICT_PROTOTYPES = YES;
				CLANG_WARN_SUSPICIOUS_MOVE = YES;
				CLANG_WARN_UNGUARDED_AVAILABILITY = YES_AGGRESSIVE;
				CLANG_WARN_UNREACHABLE_CODE = YES;
				CLANG_WARN__DUPLICATE_METHOD_MATCH = YES;
				COPY_PHASE_STRIP = NO;
				DEBUG_INFORMATION_FORMAT = dwarf;
				ENABLE_STRICT_OBJC_MSGSEND = YES;
				ENABLE_TESTABILITY = YES;
				ENABLE_USER_SCRIPT_SANDBOXING = YES;
				GCC_C_LANGUAGE_STANDARD = gnu17;
				GCC_DYNAMIC_NO_PIC = NO;
				GCC_NO_COMMON_BLOCKS = YES;
				GCC_OPTIMIZATION_LEVEL = 0;
				GCC_PREPROCESSOR_DEFINITIONS = (
					"DEBUG=1",
					"$(inherited)",
				);
				GCC_WARN_64_TO_32_BIT_CONVERSION = YES;
				GCC_WARN_ABOUT_RETURN_TYPE = YES_ERROR;
				GCC_WARN_UNDECLARED_SELECTOR = YES;
				GCC_WARN_UNINITIALIZED_AUTOS = YES_AGGRESSIVE;
				GCC_WARN_UNUSED_FUNCTION = YES;
				GCC_WARN_UNUSED_VARIABLE = YES;
				IPHONEOS_DEPLOYMENT_TARGET = 18.1;
				LOCALIZATION_PREFERS_STRING_CATALOGS = YES;
				MTL_ENABLE_DEBUG_INFO = INCLUDE_SOURCE;
				MTL_FAST_MATH = YES;
				ONLY_ACTIVE_ARCH = YES;
				SDKROOT = iphoneos;
				SWIFT_ACTIVE_COMPILATION_CONDITIONS = "DEBUG $(inherited)";
				SWIFT_OPTIMIZATION_LEVEL = "-Onone";
			};
			name = Debug;
		};
		2E3E52292D5E7C9400C6257B /* Release */ = {
			isa = XCBuildConfiguration;
			buildSettings = {
				ALWAYS_SEARCH_USER_PATHS = NO;
				ASSETCATALOG_COMPILER_GENERATE_SWIFT_ASSET_SYMBOL_EXTENSIONS = YES;
				CLANG_ANALYZER_NONNULL = YES;
				CLANG_ANALYZER_NUMBER_OBJECT_CONVERSION = YES_AGGRESSIVE;
				CLANG_CXX_LANGUAGE_STANDARD = "gnu++20";
				CLANG_ENABLE_MODULES = YES;
				CLANG_ENABLE_OBJC_ARC = YES;
				CLANG_ENABLE_OBJC_WEAK = YES;
				CLANG_WARN_BLOCK_CAPTURE_AUTORELEASING = YES;
				CLANG_WARN_BOOL_CONVERSION = YES;
				CLANG_WARN_COMMA = YES;
				CLANG_WARN_CONSTANT_CONVERSION = YES;
				CLANG_WARN_DEPRECATED_OBJC_IMPLEMENTATIONS = YES;
				CLANG_WARN_DIRECT_OBJC_ISA_USAGE = YES_ERROR;
				CLANG_WARN_DOCUMENTATION_COMMENTS = YES;
				CLANG_WARN_EMPTY_BODY = YES;
				CLANG_WARN_ENUM_CONVERSION = YES;
				CLANG_WARN_INFINITE_RECURSION = YES;
				CLANG_WARN_INT_CONVERSION = YES;
				CLANG_WARN_NON_LITERAL_NULL_CONVERSION = YES;
				CLANG_WARN_OBJC_IMPLICIT_RETAIN_SELF = YES;
				CLANG_WARN_OBJC_LITERAL_CONVERSION = YES;
				CLANG_WARN_OBJC_ROOT_CLASS = YES_ERROR;
				CLANG_WARN_QUOTED_INCLUDE_IN_FRAMEWORK_HEADER = YES;
				CLANG_WARN_RANGE_LOOP_ANALYSIS = YES;
				CLANG_WARN_STRICT_PROTOTYPES = YES;
				CLANG_WARN_SUSPICIOUS_MOVE = YES;
				CLANG_WARN_UNGUARDED_AVAILABILITY = YES_AGGRESSIVE;
				CLANG_WARN_UNREACHABLE_CODE = YES;
				CLANG_WARN__DUPLICATE_METHOD_MATCH = YES;
				COPY_PHASE_STRIP = NO;
				DEBUG_INFORMATION_FORMAT = "dwarf-with-dsym";
				ENABLE_NS_ASSERTIONS = NO;
				ENABLE_STRICT_OBJC_MSGSEND = YES;
				ENABLE_USER_SCRIPT_SANDBOXING = YES;
				GCC_C_LANGUAGE_STANDARD = gnu17;
				GCC_NO_COMMON_BLOCKS = YES;
				GCC_WARN_64_TO_32_BIT_CONVERSION = YES;
				GCC_WARN_ABOUT_RETURN_TYPE = YES_ERROR;
				GCC_WARN_UNDECLARED_SELECTOR = YES;
				GCC_WARN_UNINITIALIZED_AUTOS = YES_AGGRESSIVE;
				GCC_WARN_UNUSED_FUNCTION = YES;
				GCC_WARN_UNUSED_VARIABLE = YES;
				IPHONEOS_DEPLOYMENT_TARGET = 18.1;
				LOCALIZATION_PREFERS_STRING_CATALOGS = YES;
				MTL_ENABLE_DEBUG_INFO = NO;
				MTL_FAST_MATH = YES;
				SDKROOT = iphoneos;
				SWIFT_COMPILATION_MODE = wholemodule;
				VALIDATE_PRODUCT = YES;
			};
			name = Release;
		};
		2E3E522B2D5E7C9400C6257B /* Debug */ = {
			isa = XCBuildConfiguration;
			buildSettings = {
				BUNDLE_LOADER = "$(TEST_HOST)";
				CODE_SIGN_STYLE = Automatic;
				CURRENT_PROJECT_VERSION = 1;
				DEVELOPMENT_TEAM = 3CYTU6S6DF;
				GENERATE_INFOPLIST_FILE = YES;
				IPHONEOS_DEPLOYMENT_TARGET = 18.1;
				MARKETING_VERSION = 1.0;
				PRODUCT_BUNDLE_IDENTIFIER = damir.dzka1Tests;
				PRODUCT_NAME = "$(TARGET_NAME)";
				SWIFT_EMIT_LOC_STRINGS = NO;
				SWIFT_VERSION = 5.0;
				TARGETED_DEVICE_FAMILY = "1,2";
				TEST_HOST = "$(BUILT_PRODUCTS_DIR)/dzka1.app/$(BUNDLE_EXECUTABLE_FOLDER_PATH)/dzka1";
			};
			name = Debug;
		};
		2E3E522C2D5E7C9400C6257B /* Release */ = {
			isa = XCBuildConfiguration;
			buildSettings = {
				BUNDLE_LOADER = "$(TEST_HOST)";
				CODE_SIGN_STYLE = Automatic;
				CURRENT_PROJECT_VERSION = 1;
				DEVELOPMENT_TEAM = 3CYTU6S6DF;
				GENERATE_INFOPLIST_FILE = YES;
				IPHONEOS_DEPLOYMENT_TARGET = 18.1;
				MARKETING_VERSION = 1.0;
				PRODUCT_BUNDLE_IDENTIFIER = damir.dzka1Tests;
				PRODUCT_NAME = "$(TARGET_NAME)";
				SWIFT_EMIT_LOC_STRINGS = NO;
				SWIFT_VERSION = 5.0;
				TARGETED_DEVICE_FAMILY = "1,2";
				TEST_HOST = "$(BUILT_PRODUCTS_DIR)/dzka1.app/$(BUNDLE_EXECUTABLE_FOLDER_PATH)/dzka1";
			};
			name = Release;
		};
		2E3E522E2D5E7C9400C6257B /* Debug */ = {
			isa = XCBuildConfiguration;
			buildSettings = {
				CODE_SIGN_STYLE = Automatic;
				CURRENT_PROJECT_VERSION = 1;
				DEVELOPMENT_TEAM = 3CYTU6S6DF;
				GENERATE_INFOPLIST_FILE = YES;
				MARKETING_VERSION = 1.0;
				PRODUCT_BUNDLE_IDENTIFIER = damir.dzka1UITests;
				PRODUCT_NAME = "$(TARGET_NAME)";
				SWIFT_EMIT_LOC_STRINGS = NO;
				SWIFT_VERSION = 5.0;
				TARGETED_DEVICE_FAMILY = "1,2";
				TEST_TARGET_NAME = dzka1;
			};
			name = Debug;
		};
		2E3E522F2D5E7C9400C6257B /* Release */ = {
			isa = XCBuildConfiguration;
			buildSettings = {
				CODE_SIGN_STYLE = Automatic;
				CURRENT_PROJECT_VERSION = 1;
				DEVELOPMENT_TEAM = 3CYTU6S6DF;
				GENERATE_INFOPLIST_FILE = YES;
				MARKETING_VERSION = 1.0;
				PRODUCT_BUNDLE_IDENTIFIER = damir.dzka1UITests;
				PRODUCT_NAME = "$(TARGET_NAME)";
				SWIFT_EMIT_LOC_STRINGS = NO;
				SWIFT_VERSION = 5.0;
				TARGETED_DEVICE_FAMILY = "1,2";
				TEST_TARGET_NAME = dzka1;
			};
			name = Release;
		};
/* End XCBuildConfiguration section */

/* Begin XCConfigurationList section */
		2E3E51F72D5E7C9200C6257B /* Build configuration list for PBXProject "dzka1" */ = {
			isa = XCConfigurationList;
			buildConfigurations = (
				2E3E52282D5E7C9400C6257B /* Debug */,
				2E3E52292D5E7C9400C6257B /* Release */,
			);
			defaultConfigurationIsVisible = 0;
			defaultConfigurationName = Release;
		};
		2E3E52252D5E7C9400C6257B /* Build configuration list for PBXNativeTarget "dzka1" */ = {
			isa = XCConfigurationList;
			buildConfigurations = (
				2E3E52262D5E7C9400C6257B /* Debug */,
				2E3E52272D5E7C9400C6257B /* Release */,
			);
			defaultConfigurationIsVisible = 0;
			defaultConfigurationName = Release;
		};
		2E3E522A2D5E7C9400C6257B /* Build configuration list for PBXNativeTarget "dzka1Tests" */ = {
			isa = XCConfigurationList;
			buildConfigurations = (
				2E3E522B2D5E7C9400C6257B /* Debug */,
				2E3E522C2D5E7C9400C6257B /* Release */,
			);
			defaultConfigurationIsVisible = 0;
			defaultConfigurationName = Release;
		};
		2E3E522D2D5E7C9400C6257B /* Build configuration list for PBXNativeTarget "dzka1UITests" */ = {
			isa = XCConfigurationList;
			buildConfigurations = (
				2E3E522E2D5E7C9400C6257B /* Debug */,
				2E3E522F2D5E7C9400C6257B /* Release */,
			);
			defaultConfigurationIsVisible = 0;
			defaultConfigurationName = Release;
		};
/* End XCConfigurationList section */
	};
	rootObject = 2E3E51F42D5E7C9200C6257B /* Project object */;
}
